#MicroXplorer Configuration settings - do not modify
Mcu.Family=STM32F4
ProjectManager.MainLocation=Core/Src
PC7.GPIOParameters=GPIO_Label
ProjectManager.ProjectFileName=LaserSwitch-Slave.ioc
RCC.CortexFreq_Value=16000000
ProjectManager.KeepUserCode=true
PA10.Mode=Asynchronous
Mcu.UserName=STM32F401RCTx
Mcu.PinsNb=17
ProjectManager.NoMain=false
ADC1.IPParameters=Rank-3\#ChannelRegularConversion,master,Channel-3\#ChannelRegularConversion,SamplingTime-3\#ChannelRegularConversion,NbrOfConversionFlag
USART6.IPParameters=VirtualMode
RCC.PLLCLKFreq_Value=96000000
RCC.PLLQCLKFreq_Value=48000000
ProjectManager.functionlistsort=1-MX_GPIO_Init-GPIO-false-HAL-true,2-SystemClock_Config-RCC-false-HAL-false,3-MX_ADC1_Init-ADC1-false-HAL-true,4-MX_I2C1_Init-I2C1-false-HAL-true,5-MX_USART1_UART_Init-USART1-false-HAL-true,6-MX_USART6_UART_Init-USART6-false-HAL-true
PH1\ -\ OSC_OUT.Mode=HSE-External-Oscillator
PC2.Signal=GPIO_Input
PC6.Signal=USART6_TX
PC6.GPIO_Label=BT_TX
PC3.Locked=true
RCC.RTCFreq_Value=32000
ProjectManager.DefaultFWLocation=true
ProjectManager.DeletePrevious=true
USART1.IPParameters=VirtualMode
PC0.Signal=GPIO_Input
PC1.Locked=true
PB15.Signal=GPIO_Input
PinOutPanel.RotationAngle=0
ProjectManager.StackSize=0x400
PA13.Signal=SYS_JTMS-SWDIO
Mcu.IP4=SYS
Mcu.IP5=USART1
Mcu.IP2=NVIC
NVIC.SVCall_IRQn=true\:0\:0\:false\:false\:true\:false\:false
Mcu.IP3=RCC
Mcu.IP0=ADC1
PA9.Mode=Asynchronous
Mcu.IP1=I2C1
PH0\ -\ OSC_IN.Mode=HSE-External-Oscillator
Mcu.UserConstants=
PH0\ -\ OSC_IN.Signal=RCC_OSC_IN
ProjectManager.TargetToolchain=EWARM V8.32
Mcu.ThirdPartyNb=0
ADC1.Channel-3\#ChannelRegularConversion=ADC_CHANNEL_15
PC6.Mode=Asynchronous
Mcu.IPNb=7
RCC.I2SClocksFreq_Value=96000000
ProjectManager.PreviousToolchain=
PA9.Signal=USART1_TX
PB6.Signal=I2C1_SCL
RCC.VcooutputI2S=96000000
PC7.Signal=USART6_RX
PB6.Mode=I2C
PC3.Signal=GPIO_Input
Mcu.Pin6=PC5
Mcu.Pin7=PB15
PC2.Locked=true
ProjectManager.RegisterCallBack=
Mcu.Pin8=PC6
Mcu.Pin9=PC7
RCC.LSE_VALUE=32768
RCC.AHBFreq_Value=16000000
Mcu.Pin0=PH0 - OSC_IN
Mcu.Pin1=PH1 - OSC_OUT
GPIO.groupedBy=
Mcu.Pin2=PC0
Mcu.Pin3=PC1
Mcu.Pin4=PC2
RCC.VCOI2SOutputFreq_Value=192000000
Mcu.Pin5=PC3
ProjectManager.ProjectBuild=false
RCC.HSE_VALUE=25000000
NVIC.UsageFault_IRQn=true\:0\:0\:false\:false\:true\:false\:false
NVIC.DebugMonitor_IRQn=true\:0\:0\:false\:false\:true\:false\:false
PH1\ -\ OSC_OUT.Signal=RCC_OSC_OUT
board=custom
RCC.VCOOutputFreq_Value=192000000
SH.ADCx_IN15.0=ADC1_IN15,IN15
NVIC.SysTick_IRQn=true\:0\:0\:false\:false\:true\:false\:true
ProjectManager.LastFirmware=true
ProjectManager.FirmwarePackage=STM32Cube FW_F4 V1.26.0
MxDb.Version=DB.6.0.20
RCC.APB2Freq_Value=16000000
ProjectManager.BackupPrevious=false
MxCube.Version=6.2.0
RCC.VCOInputFreq_Value=1000000
PB15.GPIO_Label=CONN
PA14.Mode=Serial_Wire
File.Version=6
VP_SYS_VS_Systick.Mode=SysTick
SH.ADCx_IN15.ConfNb=1
PB7.Signal=I2C1_SDA
NVIC.NonMaskableInt_IRQn=true\:0\:0\:false\:false\:true\:false\:false
NVIC.PendSV_IRQn=true\:0\:0\:false\:false\:true\:false\:false
PB15.GPIOParameters=GPIO_Label
PA13.Mode=Serial_Wire
ProjectManager.FreePins=false
RCC.IPParameters=AHBFreq_Value,APB1Freq_Value,APB2Freq_Value,CortexFreq_Value,HSE_VALUE,HSI_VALUE,I2SClocksFreq_Value,LSE_VALUE,LSI_VALUE,PLLCLKFreq_Value,PLLQCLKFreq_Value,RTCFreq_Value,RTCHSEDivFreq_Value,SYSCLKFreq_VALUE,VCOI2SOutputFreq_Value,VCOInputFreq_Value,VCOOutputFreq_Value,VcooutputI2S
ProjectManager.AskForMigrate=true
Mcu.Name=STM32F401R(B-C)Tx
ProjectManager.HalAssertFull=false
RCC.RTCHSEDivFreq_Value=12500000
ProjectManager.ProjectName=LaserSwitch-Slave
ProjectManager.UnderRoot=false
PC7.GPIO_Label=BT_RX
Mcu.IP6=USART6
ProjectManager.CoupleFile=false
RCC.SYSCLKFreq_VALUE=16000000
Mcu.Package=LQFP64
ADC1.master=1
ADC1.Rank-3\#ChannelRegularConversion=1
ADC1.SamplingTime-3\#ChannelRegularConversion=ADC_SAMPLETIME_3CYCLES
NVIC.ForceEnableDMAVector=true
KeepUserPlacement=false
USART6.VirtualMode=VM_ASYNC
NVIC.MemoryManagement_IRQn=true\:0\:0\:false\:false\:true\:false\:false
USART1.VirtualMode=VM_ASYNC
ProjectManager.CompilerOptimize=6
ProjectManager.ToolChainLocation=
RCC.LSI_VALUE=32000
VP_SYS_VS_Systick.Signal=SYS_VS_Systick
PB7.Mode=I2C
PA10.Signal=USART1_RX
PA14.Signal=SYS_JTCK-SWCLK
ProjectManager.HeapSize=0x200
Mcu.Pin15=PB7
NVIC.HardFault_IRQn=true\:0\:0\:false\:false\:true\:false\:false
Mcu.Pin16=VP_SYS_VS_Systick
Mcu.Pin13=PA14
PC6.GPIOParameters=GPIO_Label
Mcu.Pin14=PB6
ProjectManager.ComputerToolchain=false
RCC.HSI_VALUE=16000000
NVIC.PriorityGroup=NVIC_PRIORITYGROUP_4
ADC1.NbrOfConversionFlag=1
Mcu.Pin11=PA10
Mcu.Pin12=PA13
Mcu.Pin10=PA9
NVIC.BusFault_IRQn=true\:0\:0\:false\:false\:true\:false\:false
PC5.Signal=ADCx_IN15
PC7.Mode=Asynchronous
RCC.APB1Freq_Value=16000000
ProjectManager.CustomerFirmwarePackage=
PC0.Locked=true
ProjectManager.DeviceId=STM32F401RCTx
PC1.Signal=GPIO_Input
ProjectManager.LibraryCopy=0
PB15.Locked=true
