#MicroXplorer Configuration settings - do not modify
Mcu.Family=STM32F4
ProjectManager.MainLocation=Core/Src
PB13.GPIOParameters=GPIO_Label
PC7.GPIOParameters=GPIO_Label
ProjectManager.ProjectFileName=LaserSwitch-Master.ioc
RCC.CortexFreq_Value=16000000
ProjectManager.KeepUserCode=true
Mcu.UserName=STM32F401RCTx
Mcu.PinsNb=19
ProjectManager.NoMain=false
USART6.IPParameters=VirtualMode
RCC.PLLCLKFreq_Value=96000000
PB14.GPIO_Label=EN3
RCC.PLLQCLKFreq_Value=48000000
PC5.Locked=true
ProjectManager.functionlistsort=1-MX_GPIO_Init-GPIO-false-HAL-true,2-SystemClock_Config-RCC-false-HAL-false,3-MX_ADC1_Init-ADC1-false-HAL-true,4-MX_I2C1_Init-I2C1-false-HAL-true,5-MX_USART1_UART_Init-USART1-false-HAL-true,6-MX_USART6_UART_Init-USART6-false-HAL-true
PH1\ -\ OSC_OUT.Mode=HSE-External-Oscillator
PC4.Signal=GPIO_Output
PC6.Signal=USART6_TX
PC6.GPIO_Label=BT_TX
RCC.RTCFreq_Value=32000
ProjectManager.DefaultFWLocation=true
PB0.GPIO_Label=EN1
PB12.Locked=true
ProjectManager.DeletePrevious=true
PB14.Locked=true
PB10.Locked=true
PB13.GPIO_Label=DIR3
PB13.Signal=GPIO_Output
PB15.Signal=GPIO_Input
PinOutPanel.RotationAngle=0
ProjectManager.StackSize=0x400
PA13.Signal=SYS_JTMS-SWDIO
Mcu.IP4=USART6
NVIC.SVCall_IRQn=true\:0\:0\:false\:false\:true\:false\:false
Mcu.IP2=RCC
Mcu.IP3=SYS
Mcu.IP0=I2C1
Mcu.IP1=NVIC
PH0\ -\ OSC_IN.Mode=HSE-External-Oscillator
Mcu.UserConstants=
PH0\ -\ OSC_IN.Signal=RCC_OSC_IN
ProjectManager.TargetToolchain=EWARM V8.32
PB10.GPIO_Label=EN2
Mcu.ThirdPartyNb=0
PC6.Mode=Asynchronous
Mcu.IPNb=5
RCC.I2SClocksFreq_Value=96000000
ProjectManager.PreviousToolchain=
PC5.GPIOParameters=GPIO_Label
PB2.GPIOParameters=GPIO_Label
PB6.Signal=I2C1_SCL
RCC.VcooutputI2S=96000000
PC7.Signal=USART6_RX
PB6.Mode=I2C
Mcu.Pin6=PB2
Mcu.Pin7=PB10
ProjectManager.RegisterCallBack=
Mcu.Pin8=PB12
Mcu.Pin9=PB13
RCC.LSE_VALUE=32768
RCC.AHBFreq_Value=16000000
PB13.Locked=true
Mcu.Pin0=PH0 - OSC_IN
PB1.Locked=true
Mcu.Pin1=PH1 - OSC_OUT
GPIO.groupedBy=
Mcu.Pin2=PC4
PB10.Signal=GPIO_Output
Mcu.Pin3=PC5
Mcu.Pin4=PB0
RCC.VCOI2SOutputFreq_Value=192000000
Mcu.Pin5=PB1
PB14.Signal=GPIO_Output
ProjectManager.ProjectBuild=false
RCC.HSE_VALUE=25000000
NVIC.UsageFault_IRQn=true\:0\:0\:false\:false\:true\:false\:false
NVIC.DebugMonitor_IRQn=true\:0\:0\:false\:false\:true\:false\:false
PH1\ -\ OSC_OUT.Signal=RCC_OSC_OUT
PB2.Signal=GPIO_Output
board=custom
RCC.VCOOutputFreq_Value=192000000
NVIC.SysTick_IRQn=true\:0\:0\:false\:false\:true\:false\:true
ProjectManager.LastFirmware=true
PB12.GPIO_Label=STEP3
ProjectManager.FirmwarePackage=STM32Cube FW_F4 V1.25.2
MxDb.Version=DB.6.0.10
PB0.GPIOParameters=GPIO_Label
RCC.APB2Freq_Value=16000000
ProjectManager.BackupPrevious=false
MxCube.Version=6.1.1
RCC.VCOInputFreq_Value=1000000
PC4.GPIO_Label=STEP1
PB15.GPIO_Label=CONN
PA14.Mode=Serial_Wire
PB1.GPIO_Label=STEP2
File.Version=6
VP_SYS_VS_Systick.Mode=SysTick
PB7.Signal=I2C1_SDA
NVIC.NonMaskableInt_IRQn=true\:0\:0\:false\:false\:true\:false\:false
NVIC.PendSV_IRQn=true\:0\:0\:false\:false\:true\:false\:false
PB15.GPIOParameters=GPIO_Label
PA13.Mode=Serial_Wire
ProjectManager.FreePins=false
RCC.IPParameters=AHBFreq_Value,APB1Freq_Value,APB2Freq_Value,CortexFreq_Value,HSE_VALUE,HSI_VALUE,I2SClocksFreq_Value,LSE_VALUE,LSI_VALUE,PLLCLKFreq_Value,PLLQCLKFreq_Value,RTCFreq_Value,RTCHSEDivFreq_Value,SYSCLKFreq_VALUE,VCOI2SOutputFreq_Value,VCOInputFreq_Value,VCOOutputFreq_Value,VcooutputI2S
ProjectManager.AskForMigrate=true
Mcu.Name=STM32F401R(B-C)Tx
ProjectManager.HalAssertFull=false
PB0.Locked=true
RCC.RTCHSEDivFreq_Value=12500000
ProjectManager.ProjectName=LaserSwitch-Master
ProjectManager.UnderRoot=false
PB2.Locked=true
PC7.GPIO_Label=BT_RX
ProjectManager.CoupleFile=false
RCC.SYSCLKFreq_VALUE=16000000
Mcu.Package=LQFP64
PB1.Signal=GPIO_Output
NVIC.ForceEnableDMAVector=true
KeepUserPlacement=false
PC5.GPIO_Label=DIR1
USART6.VirtualMode=VM_ASYNC
NVIC.MemoryManagement_IRQn=true\:0\:0\:false\:false\:true\:false\:false
ProjectManager.CompilerOptimize=6
ProjectManager.ToolChainLocation=
RCC.LSI_VALUE=32000
VP_SYS_VS_Systick.Signal=SYS_VS_Systick
PB7.Mode=I2C
PA14.Signal=SYS_JTCK-SWCLK
PB2.GPIO_Label=DIR2
ProjectManager.HeapSize=0x200
Mcu.Pin15=PA14
NVIC.HardFault_IRQn=true\:0\:0\:false\:false\:true\:false\:false
Mcu.Pin16=PB6
Mcu.Pin13=PC7
PC6.GPIOParameters=GPIO_Label
Mcu.Pin14=PA13
PB14.GPIOParameters=GPIO_Label
ProjectManager.ComputerToolchain=false
Mcu.Pin17=PB7
RCC.HSI_VALUE=16000000
Mcu.Pin18=VP_SYS_VS_Systick
NVIC.PriorityGroup=NVIC_PRIORITYGROUP_4
Mcu.Pin11=PB15
Mcu.Pin12=PC6
Mcu.Pin10=PB14
NVIC.BusFault_IRQn=true\:0\:0\:false\:false\:true\:false\:false
PC4.Locked=true
PC5.Signal=GPIO_Output
PB10.GPIOParameters=GPIO_Label
PC7.Mode=Asynchronous
RCC.APB1Freq_Value=16000000
PB0.Signal=GPIO_Output
ProjectManager.CustomerFirmwarePackage=
PC4.GPIOParameters=GPIO_Label
ProjectManager.DeviceId=STM32F401RCTx
PB12.GPIOParameters=GPIO_Label
PB12.Signal=GPIO_Output
ProjectManager.LibraryCopy=0
PB15.Locked=true
PB1.GPIOParameters=GPIO_Label
